{
  "name": "docs",
  "version": "1.0.0",
  "lockfileVersion": 3,
  "requires": true,
  "packages": {
    "": {
      "name": "docs",
      "version": "1.0.0",
      "dependencies": {
        "@langchain/docs-sandbox": "0.0.4"
      }
    },
    "node_modules/@langchain/docs-sandbox": {
      "version": "0.0.4",
      "resolved": "https://registry.npmjs.org/@langchain/docs-sandbox/-/docs-sandbox-0.0.4.tgz",
      "integrity": "sha512-+L8rrGxYi6iXJ3oth20PyD1n/KqOQly+q/7VvRAn7BV2ALj9Gr5PbZTETaYtMxCjRHjlCUVGxTbKCJBYfvMkVQ==",
      "peerDependencies": {
        "@langchain/playground-preview-protocol": "workspace:*",
        "react": "^18 || ^19",
        "zod": "^4.3.6"
      }
    }
  }
}
